// !$*UTF8*$!
{
	archiveVersion = 1;
	classes = {
	};
	objectVersion = 56;
	objects = {

/* Begin PBXBuildFile section */
		D64A092A2BA82E2A0058E3C1 /* FilmViewModel.swift in Sources */ = {isa = PBXBuildFile; fileRef = D64A09292BA82E2A0058E3C1 /* FilmViewModel.swift */; };
		D6F351E22BA4910E004E9698 /* FilmKitabiApp.swift in Sources */ = {isa = PBXBuildFile; fileRef = D6F351E12BA4910E004E9698 /* FilmKitabiApp.swift */; };
		D6F351E42BA4910E004E9698 /* FilmListView.swift in Sources */ = {isa = PBXBuildFile; fileRef = D6F351E32BA4910E004E9698 /* FilmListView.swift */; };
		D6F351E62BA49110004E9698 /* Assets.xcassets in Resources */ = {isa = PBXBuildFile; fileRef = D6F351E52BA49110004E9698 /* Assets.xcassets */; };
		D6F351E92BA49110004E9698 /* Preview Assets.xcassets in Resources */ = {isa = PBXBuildFile; fileRef = D6F351E82BA49110004E9698 /* Preview Assets.xcassets */; };
		D6F351F42BA4919F004E9698 /* FilmModel.swift in Sources */ = {isa = PBXBuildFile; fileRef = D6F351F32BA4919F004E9698 /* FilmModel.swift */; };
		D6F351F72BA4946D004E9698 /* DownloaderClient.swift in Sources */ = {isa = PBXBuildFile; fileRef = D6F351F62BA4946D004E9698 /* DownloaderClient.swift */; };
/* End PBXBuildFile section */

/* Begin PBXFileReference section */
		D64A09292BA82E2A0058E3C1 /* FilmViewModel.swift */ = {isa = PBXFileReference; lastKnownFileType = sourcecode.swift; path = FilmViewModel.swift; sourceTree = "<group>"; };
		D6F351DE2BA4910E004E9698 /* FilmKitabi.app */ = {isa = PBXFileReference; explicitFileType = wrapper.application; includeInIndex = 0; path = FilmKitabi.app; sourceTree = BUILT_PRODUCTS_DIR; };
		D6F351E12BA4910E004E9698 /* FilmKitabiApp.swift */ = {isa = PBXFileReference; lastKnownFileType = sourcecode.swift; path = FilmKitabiApp.swift; sourceTree = "<group>"; };
		D6F351E32BA4910E004E9698 /* FilmListView.swift */ = {isa = PBXFileReference; lastKnownFileType = sourcecode.swift; path = FilmListView.swift; sourceTree = "<group>"; };
		D6F351E52BA49110004E9698 /* Assets.xcassets */ = {isa = PBXFileReference; lastKnownFileType = folder.assetcatalog; path = Assets.xcassets; sourceTree = "<group>"; };
		D6F351E82BA49110004E9698 /* Preview Assets.xcassets */ = {isa = PBXFileReference; lastKnownFileType = folder.assetcatalog; path = "Preview Assets.xcassets"; sourceTree = "<group>"; };
		D6F351F32BA4919F004E9698 /* FilmModel.swift */ = {isa = PBXFileReference; lastKnownFileType = sourcecode.swift; path = FilmModel.swift; sourceTree = "<group>"; };
		D6F351F62BA4946D004E9698 /* DownloaderClient.swift */ = {isa = PBXFileReference; lastKnownFileType = sourcecode.swift; path = DownloaderClient.swift; sourceTree = "<group>"; };
/* End PBXFileReference section */

/* Begin PBXFrameworksBuildPhase section */
		D6F351DB2BA4910E004E9698 /* Frameworks */ = {
			isa = PBXFrameworksBuildPhase;
			buildActionMask = 2147483647;
			files = (
			);
			runOnlyForDeploymentPostprocessing = 0;
		};
/* End PBXFrameworksBuildPhase section */

/* Begin PBXGroup section */
		D6F351D52BA4910E004E9698 = {
			isa = PBXGroup;
			children = (
				D6F351E02BA4910E004E9698 /* FilmKitabi */,
				D6F351DF2BA4910E004E9698 /* Products */,
			);
			sourceTree = "<group>";
		};
		D6F351DF2BA4910E004E9698 /* Products */ = {
			isa = PBXGroup;
			children = (
				D6F351DE2BA4910E004E9698 /* FilmKitabi.app */,
			);
			name = Products;
			sourceTree = "<group>";
		};
		D6F351E02BA4910E004E9698 /* FilmKitabi */ = {
			isa = PBXGroup;
			children = (
				D6F351F52BA49409004E9698 /* Services */,
				D6F351F22BA49174004E9698 /* App */,
				D6F351F12BA4916F004E9698 /* View */,
				D6F351F02BA49167004E9698 /* ViewModel */,
				D6F351EF2BA49145004E9698 /* Model */,
				D6F351E52BA49110004E9698 /* Assets.xcassets */,
				D6F351E72BA49110004E9698 /* Preview Content */,
			);
			path = FilmKitabi;
			sourceTree = "<group>";
		};
		D6F351E72BA49110004E9698 /* Preview Content */ = {
			isa = PBXGroup;
			children = (
				D6F351E82BA49110004E9698 /* Preview Assets.xcassets */,
			);
			path = "Preview Content";
			sourceTree = "<group>";
		};
		D6F351EF2BA49145004E9698 /* Model */ = {
			isa = PBXGroup;
			children = (
				D6F351F32BA4919F004E9698 /* FilmModel.swift */,
			);
			path = Model;
			sourceTree = "<group>";
		};
		D6F351F02BA49167004E9698 /* ViewModel */ = {
			isa = PBXGroup;
			children = (
				D64A09292BA82E2A0058E3C1 /* FilmViewModel.swift */,
			);
			path = ViewModel;
			sourceTree = "<group>";
		};
		D6F351F12BA4916F004E9698 /* View */ = {
			isa = PBXGroup;
			children = (
				D6F351E32BA4910E004E9698 /* FilmListView.swift */,
			);
			path = View;
			sourceTree = "<group>";
		};
		D6F351F22BA49174004E9698 /* App */ = {
			isa = PBXGroup;
			children = (
				D6F351E12BA4910E004E9698 /* FilmKitabiApp.swift */,
			);
			path = App;
			sourceTree = "<group>";
		};
		D6F351F52BA49409004E9698 /* Services */ = {
			isa = PBXGroup;
			children = (
				D6F351F62BA4946D004E9698 /* DownloaderClient.swift */,
			);
			path = Services;
			sourceTree = "<group>";
		};
/* End PBXGroup section */

/* Begin PBXNativeTarget section */
		D6F351DD2BA4910E004E9698 /* FilmKitabi */ = {
			isa = PBXNativeTarget;
			buildConfigurationList = D6F351EC2BA49110004E9698 /* Build configuration list for PBXNativeTarget "FilmKitabi" */;
			buildPhases = (
				D6F351DA2BA4910E004E9698 /* Sources */,
				D6F351DB2BA4910E004E9698 /* Frameworks */,
				D6F351DC2BA4910E004E9698 /* Resources */,
			);
			buildRules = (
			);
			dependencies = (
			);
			name = FilmKitabi;
			productName = FilmKitabi;
			productReference = D6F351DE2BA4910E004E9698 /* FilmKitabi.app */;
			productType = "com.apple.product-type.application";
		};
/* End PBXNativeTarget section */

/* Begin PBXProject section */
		D6F351D62BA4910E004E9698 /* Project object */ = {
			isa = PBXProject;
			attributes = {
				BuildIndependentTargetsInParallel = 1;
				LastSwiftUpdateCheck = 1520;
				LastUpgradeCheck = 1520;
				TargetAttributes = {
					D6F351DD2BA4910E004E9698 = {
						CreatedOnToolsVersion = 15.2;
					};
				};
			};
			buildConfigurationList = D6F351D92BA4910E004E9698 /* Build configuration list for PBXProject "FilmKitabi" */;
			compatibilityVersion = "Xcode 14.0";
			developmentRegion = en;
			hasScannedForEncodings = 0;
			knownRegions = (
				en,
				Base,
			);
			mainGroup = D6F351D52BA4910E004E9698;
			productRefGroup = D6F351DF2BA4910E004E9698 /* Products */;
			projectDirPath = "";
			projectRoot = "";
			targets = (
				D6F351DD2BA4910E004E9698 /* FilmKitabi */,
			);
		};
/* End PBXProject section */

/* Begin PBXResourcesBuildPhase section */
		D6F351DC2BA4910E004E9698 /* Resources */ = {
			isa = PBXResourcesBuildPhase;
			buildActionMask = 2147483647;
			files = (
				D6F351E92BA49110004E9698 /* Preview Assets.xcassets in Resources */,
				D6F351E62BA49110004E9698 /* Assets.xcassets in Resources */,
			);
			runOnlyForDeploymentPostprocessing = 0;
		};
/* End PBXResourcesBuildPhase section */

/* Begin PBXSourcesBuildPhase section */
		D6F351DA2BA4910E004E9698 /* Sources */ = {
			isa = PBXSourcesBuildPhase;
			buildActionMask = 2147483647;
			files = (
				D6F351E42BA4910E004E9698 /* FilmListView.swift in Sources */,
				D6F351F42BA4919F004E9698 /* FilmModel.swift in Sources */,
				D64A092A2BA82E2A0058E3C1 /* FilmViewModel.swift in Sources */,
				D6F351E22BA4910E004E9698 /* FilmKitabiApp.swift in Sources */,
				D6F351F72BA4946D004E9698 /* DownloaderClient.swift in Sources */,
			);
			runOnlyForDeploymentPostprocessing = 0;
		};
/* End PBXSourcesBuildPhase section */

/* Begin XCBuildConfiguration section */
		D6F351EA2BA49110004E9698 /* Debug */ = {
			isa = XCBuildConfiguration;
			buildSettings = {
				ALWAYS_SEARCH_USER_PATHS = NO;
				ASSETCATALOG_COMPILER_GENERATE_SWIFT_ASSET_SYMBOL_EXTENSIONS = YES;
				CLANG_ANALYZER_NONNULL = YES;
				CLANG_ANALYZER_NUMBER_OBJECT_CONVERSION = YES_AGGRESSIVE;
				CLANG_CXX_LANGUAGE_STANDARD = "gnu++20";
				CLANG_ENABLE_MODULES = YES;
				CLANG_ENABLE_OBJC_ARC = YES;
				CLANG_ENABLE_OBJC_WEAK = YES;
				CLANG_WARN_BLOCK_CAPTURE_AUTORELEASING = YES;
				CLANG_WARN_BOOL_CONVERSION = YES;
				CLANG_WARN_COMMA = YES;
				CLANG_WARN_CONSTANT_CONVERSION = YES;
				CLANG_WARN_DEPRECATED_OBJC_IMPLEMENTATIONS = YES;
				CLANG_WARN_DIRECT_OBJC_ISA_USAGE = YES_ERROR;
				CLANG_WARN_DOCUMENTATION_COMMENTS = YES;
				CLANG_WARN_EMPTY_BODY = YES;
				CLANG_WARN_ENUM_CONVERSION = YES;
				CLANG_WARN_INFINITE_RECURSION = YES;
				CLANG_WARN_INT_CONVERSION = YES;
				CLANG_WARN_NON_LITERAL_NULL_CONVERSION = YES;
				CLANG_WARN_OBJC_IMPLICIT_RETAIN_SELF = YES;
				CLANG_WARN_OBJC_LITERAL_CONVERSION = YES;
				CLANG_WARN_OBJC_ROOT_CLASS = YES_ERROR;
				CLANG_WARN_QUOTED_INCLUDE_IN_FRAMEWORK_HEADER = YES;
				CLANG_WARN_RANGE_LOOP_ANALYSIS = YES;
				CLANG_WARN_STRICT_PROTOTYPES = YES;
				CLANG_WARN_SUSPICIOUS_MOVE = YES;
				CLANG_WARN_UNGUARDED_AVAILABILITY = YES_AGGRESSIVE;
				CLANG_WARN_UNREACHABLE_CODE = YES;
				CLANG_WARN__DUPLICATE_METHOD_MATCH = YES;
				COPY_PHASE_STRIP = NO;
				DEBUG_INFORMATION_FORMAT = dwarf;
				ENABLE_STRICT_OBJC_MSGSEND = YES;
				ENABLE_TESTABILITY = YES;
				ENABLE_USER_SCRIPT_SANDBOXING = YES;
				GCC_C_LANGUAGE_STANDARD = gnu17;
				GCC_DYNAMIC_NO_PIC = NO;
				GCC_NO_COMMON_BLOCKS = YES;
				GCC_OPTIMIZATION_LEVEL = 0;
				GCC_PREPROCESSOR_DEFINITIONS = (
					"DEBUG=1",
					"$(inherited)",
				);
				GCC_WARN_64_TO_32_BIT_CONVERSION = YES;
				GCC_WARN_ABOUT_RETURN_TYPE = YES_ERROR;
				GCC_WARN_UNDECLARED_SELECTOR = YES;
				GCC_WARN_UNINITIALIZED_AUTOS = YES_AGGRESSIVE;
				GCC_WARN_UNUSED_FUNCTION = YES;
				GCC_WARN_UNUSED_VARIABLE = YES;
				IPHONEOS_DEPLOYMENT_TARGET = 17.2;
				LOCALIZATION_PREFERS_STRING_CATALOGS = YES;
				MTL_ENABLE_DEBUG_INFO = INCLUDE_SOURCE;
				MTL_FAST_MATH = YES;
				ONLY_ACTIVE_ARCH = YES;
				SDKROOT = iphoneos;
				SWIFT_ACTIVE_COMPILATION_CONDITIONS = "DEBUG $(inherited)";
				SWIFT_OPTIMIZATION_LEVEL = "-Onone";
			};
			name = Debug;
		};
		D6F351EB2BA49110004E9698 /* Release */ = {
			isa = XCBuildConfiguration;
			buildSettings = {
				ALWAYS_SEARCH_USER_PATHS = NO;
				ASSETCATALOG_COMPILER_GENERATE_SWIFT_ASSET_SYMBOL_EXTENSIONS = YES;
				CLANG_ANALYZER_NONNULL = YES;
				CLANG_ANALYZER_NUMBER_OBJECT_CONVERSION = YES_AGGRESSIVE;
				CLANG_CXX_LANGUAGE_STANDARD = "gnu++20";
				CLANG_ENABLE_MODULES = YES;
				CLANG_ENABLE_OBJC_ARC = YES;
				CLANG_ENABLE_OBJC_WEAK = YES;
				CLANG_WARN_BLOCK_CAPTURE_AUTORELEASING = YES;
				CLANG_WARN_BOOL_CONVERSION = YES;
				CLANG_WARN_COMMA = YES;
				CLANG_WARN_CONSTANT_CONVERSION = YES;
				CLANG_WARN_DEPRECATED_OBJC_IMPLEMENTATIONS = YES;
				CLANG_WARN_DIRECT_OBJC_ISA_USAGE = YES_ERROR;
				CLANG_WARN_DOCUMENTATION_COMMENTS = YES;
				CLANG_WARN_EMPTY_BODY = YES;
				CLANG_WARN_ENUM_CONVERSION = YES;
				CLANG_WARN_INFINITE_RECURSION = YES;
				CLANG_WARN_INT_CONVERSION = YES;
				CLANG_WARN_NON_LITERAL_NULL_CONVERSION = YES;
				CLANG_WARN_OBJC_IMPLICIT_RETAIN_SELF = YES;
				CLANG_WARN_OBJC_LITERAL_CONVERSION = YES;
				CLANG_WARN_OBJC_ROOT_CLASS = YES_ERROR;
				CLANG_WARN_QUOTED_INCLUDE_IN_FRAMEWORK_HEADER = YES;
				CLANG_WARN_RANGE_LOOP_ANALYSIS = YES;
				CLANG_WARN_STRICT_PROTOTYPES = YES;
				CLANG_WARN_SUSPICIOUS_MOVE = YES;
				CLANG_WARN_UNGUARDED_AVAILABILITY = YES_AGGRESSIVE;
				CLANG_WARN_UNREACHABLE_CODE = YES;
				CLANG_WARN__DUPLICATE_METHOD_MATCH = YES;
				COPY_PHASE_STRIP = NO;
				DEBUG_INFORMATION_FORMAT = "dwarf-with-dsym";
				ENABLE_NS_ASSERTIONS = NO;
				ENABLE_STRICT_OBJC_MSGSEND = YES;
				ENABLE_USER_SCRIPT_SANDBOXING = YES;
				GCC_C_LANGUAGE_STANDARD = gnu17;
				GCC_NO_COMMON_BLOCKS = YES;
				GCC_WARN_64_TO_32_BIT_CONVERSION = YES;
				GCC_WARN_ABOUT_RETURN_TYPE = YES_ERROR;
				GCC_WARN_UNDECLARED_SELECTOR = YES;
				GCC_WARN_UNINITIALIZED_AUTOS = YES_AGGRESSIVE;
				GCC_WARN_UNUSED_FUNCTION = YES;
				GCC_WARN_UNUSED_VARIABLE = YES;
				IPHONEOS_DEPLOYMENT_TARGET = 17.2;
				LOCALIZATION_PREFERS_STRING_CATALOGS = YES;
				MTL_ENABLE_DEBUG_INFO = NO;
				MTL_FAST_MATH = YES;
				SDKROOT = iphoneos;
				SWIFT_COMPILATION_MODE = wholemodule;
				VALIDATE_PRODUCT = YES;
			};
			name = Release;
		};
		D6F351ED2BA49110004E9698 /* Debug */ = {
			isa = XCBuildConfiguration;
			buildSettings = {
				ASSETCATALOG_COMPILER_APPICON_NAME = AppIcon;
				ASSETCATALOG_COMPILER_GLOBAL_ACCENT_COLOR_NAME = AccentColor;
				CODE_SIGN_STYLE = Automatic;
				CURRENT_PROJECT_VERSION = 1;
				DEVELOPMENT_ASSET_PATHS = "\"FilmKitabi/Preview Content\"";
				ENABLE_PREVIEWS = YES;
				GENERATE_INFOPLIST_FILE = YES;
				INFOPLIST_KEY_UIApplicationSceneManifest_Generation = YES;
				INFOPLIST_KEY_UIApplicationSupportsIndirectInputEvents = YES;
				INFOPLIST_KEY_UILaunchScreen_Generation = YES;
				INFOPLIST_KEY_UISupportedInterfaceOrientations_iPad = "UIInterfaceOrientationPortrait UIInterfaceOrientationPortraitUpsideDown UIInterfaceOrientationLandscapeLeft UIInterfaceOrientationLandscapeRight";
				INFOPLIST_KEY_UISupportedInterfaceOrientations_iPhone = "UIInterfaceOrientationPortrait UIInterfaceOrientationLandscapeLeft UIInterfaceOrientationLandscapeRight";
				LD_RUNPATH_SEARCH_PATHS = (
					"$(inherited)",
					"@executable_path/Frameworks",
				);
				MARKETING_VERSION = 1.0;
				PRODUCT_BUNDLE_IDENTIFIER = com.mustafatavasli.FilmKitabi;
				PRODUCT_NAME = "$(TARGET_NAME)";
				SWIFT_EMIT_LOC_STRINGS = YES;
				SWIFT_VERSION = 5.0;
				TARGETED_DEVICE_FAMILY = "1,2";
			};
			name = Debug;
		};
		D6F351EE2BA49110004E9698 /* Release */ = {
			isa = XCBuildConfiguration;
			buildSettings = {
				ASSETCATALOG_COMPILER_APPICON_NAME = AppIcon;
				ASSETCATALOG_COMPILER_GLOBAL_ACCENT_COLOR_NAME = AccentColor;
				CODE_SIGN_STYLE = Automatic;
				CURRENT_PROJECT_VERSION = 1;
				DEVELOPMENT_ASSET_PATHS = "\"FilmKitabi/Preview Content\"";
				ENABLE_PREVIEWS = YES;
				GENERATE_INFOPLIST_FILE = YES;
				INFOPLIST_KEY_UIApplicationSceneManifest_Generation = YES;
				INFOPLIST_KEY_UIApplicationSupportsIndirectInputEvents = YES;
				INFOPLIST_KEY_UILaunchScreen_Generation = YES;
				INFOPLIST_KEY_UISupportedInterfaceOrientations_iPad = "UIInterfaceOrientationPortrait UIInterfaceOrientationPortraitUpsideDown UIInterfaceOrientationLandscapeLeft UIInterfaceOrientationLandscapeRight";
				INFOPLIST_KEY_UISupportedInterfaceOrientations_iPhone = "UIInterfaceOrientationPortrait UIInterfaceOrientationLandscapeLeft UIInterfaceOrientationLandscapeRight";
				LD_RUNPATH_SEARCH_PATHS = (
					"$(inherited)",
					"@executable_path/Frameworks",
				);
				MARKETING_VERSION = 1.0;
				PRODUCT_BUNDLE_IDENTIFIER = com.mustafatavasli.FilmKitabi;
				PRODUCT_NAME = "$(TARGET_NAME)";
				SWIFT_EMIT_LOC_STRINGS = YES;
				SWIFT_VERSION = 5.0;
				TARGETED_DEVICE_FAMILY = "1,2";
			};
			name = Release;
		};
/* End XCBuildConfiguration section */

/* Begin XCConfigurationList section */
		D6F351D92BA4910E004E9698 /* Build configuration list for PBXProject "FilmKitabi" */ = {
			isa = XCConfigurationList;
			buildConfigurations = (
				D6F351EA2BA49110004E9698 /* Debug */,
				D6F351EB2BA49110004E9698 /* Release */,
			);
			defaultConfigurationIsVisible = 0;
			defaultConfigurationName = Release;
		};
		D6F351EC2BA49110004E9698 /* Build configuration list for PBXNativeTarget "FilmKitabi" */ = {
			isa = XCConfigurationList;
			buildConfigurations = (
				D6F351ED2BA49110004E9698 /* Debug */,
				D6F351EE2BA49110004E9698 /* Release */,
			);
			defaultConfigurationIsVisible = 0;
			defaultConfigurationName = Release;
		};
/* End XCConfigurationList section */
	};
	rootObject = D6F351D62BA4910E004E9698 /* Project object */;
}
